
Microsoft Visual Studio Solution File, Format Version 12.00
# Visual Studio 2013
VisualStudioVersion = 12.0.21005.1
MinimumVisualStudioVersion = 10.0.40219.1
Project("{FAE04EC0-301F-11D3-BF4B-00C04F79EFBC}") = "20234125조한준_과제1", "20234125조한준_과제1.csproj", "{F7D56A97-5B1C-498A-B1A5-8D5916AAB1BB}"
EndProject
Global
	GlobalSection(SolutionConfigurationPlatforms) = preSolution
		Debug|Any CPU = Debug|Any CPU
		Release|Any CPU = Release|Any CPU
	EndGlobalSection
	GlobalSection(ProjectConfigurationPlatforms) = postSolution
		{F7D56A97-5B1C-498A-B1A5-8D5916AAB1BB}.Debug|Any CPU.ActiveCfg = Debug|Any CPU
		{F7D56A97-5B1C-498A-B1A5-8D5916AAB1BB}.Debug|Any CPU.Build.0 = Debug|Any CPU
		{F7D56A97-5B1C-498A-B1A5-8D5916AAB1BB}.Release|Any CPU.ActiveCfg = Release|Any CPU
		{F7D56A97-5B1C-498A-B1A5-8D5916AAB1BB}.Release|Any CPU.Build.0 = Release|Any CPU
	EndGlobalSection
	GlobalSection(SolutionProperties) = preSolution
		HideSolutionNode = FALSE
	EndGlobalSection
EndGlobal
