
Microsoft Visual Studio Solution File, Format Version 12.00
# Visual Studio 2013
VisualStudioVersion = 12.0.40629.0
MinimumVisualStudioVersion = 10.0.40219.1
Project("{FAE04EC0-301F-11D3-BF4B-00C04F79EFBC}") = "20234125조한준_과제4", "20234125조한준_과제4\20234125조한준_과제4.csproj", "{E45E68E8-9E01-46C2-AAFB-566F5B645439}"
EndProject
Global
	GlobalSection(SolutionConfigurationPlatforms) = preSolution
		Debug|Any CPU = Debug|Any CPU
		Release|Any CPU = Release|Any CPU
	EndGlobalSection
	GlobalSection(ProjectConfigurationPlatforms) = postSolution
		{E45E68E8-9E01-46C2-AAFB-566F5B645439}.Debug|Any CPU.ActiveCfg = Debug|Any CPU
		{E45E68E8-9E01-46C2-AAFB-566F5B645439}.Debug|Any CPU.Build.0 = Debug|Any CPU
		{E45E68E8-9E01-46C2-AAFB-566F5B645439}.Release|Any CPU.ActiveCfg = Release|Any CPU
		{E45E68E8-9E01-46C2-AAFB-566F5B645439}.Release|Any CPU.Build.0 = Release|Any CPU
	EndGlobalSection
	GlobalSection(SolutionProperties) = preSolution
		HideSolutionNode = FALSE
	EndGlobalSection
EndGlobal
